# THIS IS AN AUTOGENERATED FILE. DO NOT EDIT THIS FILE DIRECTLY.
# yarn lockfile v1


primeicons@^6.0.1:
  version "6.0.1"
  resolved "https://registry.yarnpkg.com/primeicons/-/primeicons-6.0.1.tgz#431fa7c79825934eefd62087d8e1faa6a9e376ad"
  integrity sha512-KDeO94CbWI4pKsPnYpA1FPjo79EsY9I+M8ywoPBSf9XMXoe/0crjbUK7jcQEDHuc0ZMRIZsxH3TYLv4TUtHmAA==
